Microsoft Visual Studio Solution File, Format Version 12.00
# Visual Studio 2012
Project("{FAE04EC0-301F-11D3-BF4B-00C04F79EFBC}") = "OneBulletLeft", "OneBulletLeft.csproj", "{1607752B-7296-4C75-8AF9-BCD09A993EED}"
EndProject
Global
	GlobalSection(SolutionConfigurationPlatforms) = preSolution
	Debug|Any CPU = Debug|Any CPU
	ExportDebug|Any CPU = ExportDebug|Any CPU
	ExportRelease|Any CPU = ExportRelease|Any CPU
	EndGlobalSection
	GlobalSection(ProjectConfigurationPlatforms) = postSolution
		{1607752B-7296-4C75-8AF9-BCD09A993EED}.Debug|Any CPU.ActiveCfg = Debug|Any CPU
		{1607752B-7296-4C75-8AF9-BCD09A993EED}.Debug|Any CPU.Build.0 = Debug|Any CPU
		{1607752B-7296-4C75-8AF9-BCD09A993EED}.ExportDebug|Any CPU.ActiveCfg = ExportDebug|Any CPU
		{1607752B-7296-4C75-8AF9-BCD09A993EED}.ExportDebug|Any CPU.Build.0 = ExportDebug|Any CPU
		{1607752B-7296-4C75-8AF9-BCD09A993EED}.ExportRelease|Any CPU.ActiveCfg = ExportRelease|Any CPU
		{1607752B-7296-4C75-8AF9-BCD09A993EED}.ExportRelease|Any CPU.Build.0 = ExportRelease|Any CPU
	EndGlobalSection
EndGlobal
